{
  "lockfileVersion": 1,
  "workspaces": {
    "": {
      "dependencies": {
        "overtype": "^1.2.7",
      },
    },
  },
  "packages": {
    "markdown-actions": ["markdown-actions@1.1.2", "", {}, "sha512-U7rmgTvUP3neh3XaVblikslRWWhfpzF2SiI1A6z3az7IpYuAiVvdqtZrFCArV22TSj2Ht+r0ResohlsJ8/ntbw=="],

    "overtype": ["overtype@1.2.7", "", { "dependencies": { "markdown-actions": "^1.1.2" } }, "sha512-h4rEAKE+MegxMR7+c2LFYdWWNgPMoV92GENC32Rt+GlIImKy/Qms7d5UejMsEU1PdgpefWRcgVY0Rvmfq8DUcw=="],
  }
}
